
Microsoft Visual Studio Solution File, Format Version 12.00
# Visual Studio Version 16
VisualStudioVersion = 16.0.29728.190
MinimumVisualStudioVersion = 10.0.40219.1
Project("{FAE04EC0-301F-11D3-BF4B-00C04F79EFBC}") = "Oblig 3 Web", "Oblig 3 Web\Oblig 3 Web.csproj", "{2E8AD7AD-88F7-4603-9D27-097920898D2C}"
EndProject
Project("{FAE04EC0-301F-11D3-BF4B-00C04F79EFBC}") = "DatabaseHandler", "DatabaseHandler\DatabaseHandler.csproj", "{1711C0A2-A009-414D-8757-7F50DEC3B8D0}"
EndProject
Project("{FAE04EC0-301F-11D3-BF4B-00C04F79EFBC}") = "Oblig 3 Desktop app", "Oblig 3 Desktop app\Oblig 3 Desktop app.csproj", "{8269920C-8C31-4869-9D3A-9D8F0F0101C4}"
EndProject
Project("{FAE04EC0-301F-11D3-BF4B-00C04F79EFBC}") = "Oblig 3 Universal app", "Oblig 3 Universal app\Oblig 3 Universal app.csproj", "{7AC9B0F3-51BA-453E-8EC4-B81E3887C437}"
EndProject
Project("{FAE04EC0-301F-11D3-BF4B-00C04F79EFBC}") = "DatabaseHandlerStandard", "DatabaseHandlerStandard\DatabaseHandlerStandard.csproj", "{DC1C956B-F309-4B9C-A197-E0F676D19032}"
EndProject
Global
	GlobalSection(SolutionConfigurationPlatforms) = preSolution
		Debug|Any CPU = Debug|Any CPU
		Debug|ARM = Debug|ARM
		Debug|ARM64 = Debug|ARM64
		Debug|x64 = Debug|x64
		Debug|x86 = Debug|x86
		Release|Any CPU = Release|Any CPU
		Release|ARM = Release|ARM
		Release|ARM64 = Release|ARM64
		Release|x64 = Release|x64
		Release|x86 = Release|x86
	EndGlobalSection
	GlobalSection(ProjectConfigurationPlatforms) = postSolution
		{2E8AD7AD-88F7-4603-9D27-097920898D2C}.Debug|Any CPU.ActiveCfg = Debug|Any CPU
		{2E8AD7AD-88F7-4603-9D27-097920898D2C}.Debug|Any CPU.Build.0 = Debug|Any CPU
		{2E8AD7AD-88F7-4603-9D27-097920898D2C}.Debug|ARM.ActiveCfg = Debug|Any CPU
		{2E8AD7AD-88F7-4603-9D27-097920898D2C}.Debug|ARM.Build.0 = Debug|Any CPU
		{2E8AD7AD-88F7-4603-9D27-097920898D2C}.Debug|ARM64.ActiveCfg = Debug|Any CPU
		{2E8AD7AD-88F7-4603-9D27-097920898D2C}.Debug|ARM64.Build.0 = Debug|Any CPU
		{2E8AD7AD-88F7-4603-9D27-097920898D2C}.Debug|x64.ActiveCfg = Debug|Any CPU
		{2E8AD7AD-88F7-4603-9D27-097920898D2C}.Debug|x64.Build.0 = Debug|Any CPU
		{2E8AD7AD-88F7-4603-9D27-097920898D2C}.Debug|x86.ActiveCfg = Debug|Any CPU
		{2E8AD7AD-88F7-4603-9D27-097920898D2C}.Debug|x86.Build.0 = Debug|Any CPU
		{2E8AD7AD-88F7-4603-9D27-097920898D2C}.Release|Any CPU.ActiveCfg = Release|Any CPU
		{2E8AD7AD-88F7-4603-9D27-097920898D2C}.Release|Any CPU.Build.0 = Release|Any CPU
		{2E8AD7AD-88F7-4603-9D27-097920898D2C}.Release|ARM.ActiveCfg = Release|Any CPU
		{2E8AD7AD-88F7-4603-9D27-097920898D2C}.Release|ARM.Build.0 = Release|Any CPU
		{2E8AD7AD-88F7-4603-9D27-097920898D2C}.Release|ARM64.ActiveCfg = Release|Any CPU
		{2E8AD7AD-88F7-4603-9D27-097920898D2C}.Release|ARM64.Build.0 = Release|Any CPU
		{2E8AD7AD-88F7-4603-9D27-097920898D2C}.Release|x64.ActiveCfg = Release|Any CPU
		{2E8AD7AD-88F7-4603-9D27-097920898D2C}.Release|x64.Build.0 = Release|Any CPU
		{2E8AD7AD-88F7-4603-9D27-097920898D2C}.Release|x86.ActiveCfg = Release|Any CPU
		{2E8AD7AD-88F7-4603-9D27-097920898D2C}.Release|x86.Build.0 = Release|Any CPU
		{1711C0A2-A009-414D-8757-7F50DEC3B8D0}.Debug|Any CPU.ActiveCfg = Debug|Any CPU
		{1711C0A2-A009-414D-8757-7F50DEC3B8D0}.Debug|Any CPU.Build.0 = Debug|Any CPU
		{1711C0A2-A009-414D-8757-7F50DEC3B8D0}.Debug|ARM.ActiveCfg = Debug|Any CPU
		{1711C0A2-A009-414D-8757-7F50DEC3B8D0}.Debug|ARM.Build.0 = Debug|Any CPU
		{1711C0A2-A009-414D-8757-7F50DEC3B8D0}.Debug|ARM64.ActiveCfg = Debug|Any CPU
		{1711C0A2-A009-414D-8757-7F50DEC3B8D0}.Debug|ARM64.Build.0 = Debug|Any CPU
		{1711C0A2-A009-414D-8757-7F50DEC3B8D0}.Debug|x64.ActiveCfg = Debug|Any CPU
		{1711C0A2-A009-414D-8757-7F50DEC3B8D0}.Debug|x64.Build.0 = Debug|Any CPU
		{1711C0A2-A009-414D-8757-7F50DEC3B8D0}.Debug|x86.ActiveCfg = Debug|Any CPU
		{1711C0A2-A009-414D-8757-7F50DEC3B8D0}.Debug|x86.Build.0 = Debug|Any CPU
		{1711C0A2-A009-414D-8757-7F50DEC3B8D0}.Release|Any CPU.ActiveCfg = Release|Any CPU
		{1711C0A2-A009-414D-8757-7F50DEC3B8D0}.Release|Any CPU.Build.0 = Release|Any CPU
		{1711C0A2-A009-414D-8757-7F50DEC3B8D0}.Release|ARM.ActiveCfg = Release|Any CPU
		{1711C0A2-A009-414D-8757-7F50DEC3B8D0}.Release|ARM.Build.0 = Release|Any CPU
		{1711C0A2-A009-414D-8757-7F50DEC3B8D0}.Release|ARM64.ActiveCfg = Release|Any CPU
		{1711C0A2-A009-414D-8757-7F50DEC3B8D0}.Release|ARM64.Build.0 = Release|Any CPU
		{1711C0A2-A009-414D-8757-7F50DEC3B8D0}.Release|x64.ActiveCfg = Release|Any CPU
		{1711C0A2-A009-414D-8757-7F50DEC3B8D0}.Release|x64.Build.0 = Release|Any CPU
		{1711C0A2-A009-414D-8757-7F50DEC3B8D0}.Release|x86.ActiveCfg = Release|Any CPU
		{1711C0A2-A009-414D-8757-7F50DEC3B8D0}.Release|x86.Build.0 = Release|Any CPU
		{8269920C-8C31-4869-9D3A-9D8F0F0101C4}.Debug|Any CPU.ActiveCfg = Debug|Any CPU
		{8269920C-8C31-4869-9D3A-9D8F0F0101C4}.Debug|Any CPU.Build.0 = Debug|Any CPU
		{8269920C-8C31-4869-9D3A-9D8F0F0101C4}.Debug|ARM.ActiveCfg = Debug|Any CPU
		{8269920C-8C31-4869-9D3A-9D8F0F0101C4}.Debug|ARM.Build.0 = Debug|Any CPU
		{8269920C-8C31-4869-9D3A-9D8F0F0101C4}.Debug|ARM64.ActiveCfg = Debug|Any CPU
		{8269920C-8C31-4869-9D3A-9D8F0F0101C4}.Debug|ARM64.Build.0 = Debug|Any CPU
		{8269920C-8C31-4869-9D3A-9D8F0F0101C4}.Debug|x64.ActiveCfg = Debug|Any CPU
		{8269920C-8C31-4869-9D3A-9D8F0F0101C4}.Debug|x64.Build.0 = Debug|Any CPU
		{8269920C-8C31-4869-9D3A-9D8F0F0101C4}.Debug|x86.ActiveCfg = Debug|Any CPU
		{8269920C-8C31-4869-9D3A-9D8F0F0101C4}.Debug|x86.Build.0 = Debug|Any CPU
		{8269920C-8C31-4869-9D3A-9D8F0F0101C4}.Release|Any CPU.ActiveCfg = Release|Any CPU
		{8269920C-8C31-4869-9D3A-9D8F0F0101C4}.Release|Any CPU.Build.0 = Release|Any CPU
		{8269920C-8C31-4869-9D3A-9D8F0F0101C4}.Release|ARM.ActiveCfg = Release|Any CPU
		{8269920C-8C31-4869-9D3A-9D8F0F0101C4}.Release|ARM.Build.0 = Release|Any CPU
		{8269920C-8C31-4869-9D3A-9D8F0F0101C4}.Release|ARM64.ActiveCfg = Release|Any CPU
		{8269920C-8C31-4869-9D3A-9D8F0F0101C4}.Release|ARM64.Build.0 = Release|Any CPU
		{8269920C-8C31-4869-9D3A-9D8F0F0101C4}.Release|x64.ActiveCfg = Release|Any CPU
		{8269920C-8C31-4869-9D3A-9D8F0F0101C4}.Release|x64.Build.0 = Release|Any CPU
		{8269920C-8C31-4869-9D3A-9D8F0F0101C4}.Release|x86.ActiveCfg = Release|Any CPU
		{8269920C-8C31-4869-9D3A-9D8F0F0101C4}.Release|x86.Build.0 = Release|Any CPU
		{7AC9B0F3-51BA-453E-8EC4-B81E3887C437}.Debug|Any CPU.ActiveCfg = Debug|x86
		{7AC9B0F3-51BA-453E-8EC4-B81E3887C437}.Debug|Any CPU.Build.0 = Debug|x86
		{7AC9B0F3-51BA-453E-8EC4-B81E3887C437}.Debug|Any CPU.Deploy.0 = Debug|x86
		{7AC9B0F3-51BA-453E-8EC4-B81E3887C437}.Debug|ARM.ActiveCfg = Debug|ARM
		{7AC9B0F3-51BA-453E-8EC4-B81E3887C437}.Debug|ARM.Build.0 = Debug|ARM
		{7AC9B0F3-51BA-453E-8EC4-B81E3887C437}.Debug|ARM.Deploy.0 = Debug|ARM
		{7AC9B0F3-51BA-453E-8EC4-B81E3887C437}.Debug|ARM64.ActiveCfg = Debug|ARM64
		{7AC9B0F3-51BA-453E-8EC4-B81E3887C437}.Debug|ARM64.Build.0 = Debug|ARM64
		{7AC9B0F3-51BA-453E-8EC4-B81E3887C437}.Debug|ARM64.Deploy.0 = Debug|ARM64
		{7AC9B0F3-51BA-453E-8EC4-B81E3887C437}.Debug|x64.ActiveCfg = Debug|x64
		{7AC9B0F3-51BA-453E-8EC4-B81E3887C437}.Debug|x64.Build.0 = Debug|x64
		{7AC9B0F3-51BA-453E-8EC4-B81E3887C437}.Debug|x64.Deploy.0 = Debug|x64
		{7AC9B0F3-51BA-453E-8EC4-B81E3887C437}.Debug|x86.ActiveCfg = Debug|x86
		{7AC9B0F3-51BA-453E-8EC4-B81E3887C437}.Debug|x86.Build.0 = Debug|x86
		{7AC9B0F3-51BA-453E-8EC4-B81E3887C437}.Debug|x86.Deploy.0 = Debug|x86
		{7AC9B0F3-51BA-453E-8EC4-B81E3887C437}.Release|Any CPU.ActiveCfg = Release|x86
		{7AC9B0F3-51BA-453E-8EC4-B81E3887C437}.Release|ARM.ActiveCfg = Release|ARM
		{7AC9B0F3-51BA-453E-8EC4-B81E3887C437}.Release|ARM.Build.0 = Release|ARM
		{7AC9B0F3-51BA-453E-8EC4-B81E3887C437}.Release|ARM.Deploy.0 = Release|ARM
		{7AC9B0F3-51BA-453E-8EC4-B81E3887C437}.Release|ARM64.ActiveCfg = Release|ARM64
		{7AC9B0F3-51BA-453E-8EC4-B81E3887C437}.Release|ARM64.Build.0 = Release|ARM64
		{7AC9B0F3-51BA-453E-8EC4-B81E3887C437}.Release|ARM64.Deploy.0 = Release|ARM64
		{7AC9B0F3-51BA-453E-8EC4-B81E3887C437}.Release|x64.ActiveCfg = Release|x64
		{7AC9B0F3-51BA-453E-8EC4-B81E3887C437}.Release|x64.Build.0 = Release|x64
		{7AC9B0F3-51BA-453E-8EC4-B81E3887C437}.Release|x64.Deploy.0 = Release|x64
		{7AC9B0F3-51BA-453E-8EC4-B81E3887C437}.Release|x86.ActiveCfg = Release|x86
		{7AC9B0F3-51BA-453E-8EC4-B81E3887C437}.Release|x86.Build.0 = Release|x86
		{7AC9B0F3-51BA-453E-8EC4-B81E3887C437}.Release|x86.Deploy.0 = Release|x86
		{DC1C956B-F309-4B9C-A197-E0F676D19032}.Debug|Any CPU.ActiveCfg = Debug|Any CPU
		{DC1C956B-F309-4B9C-A197-E0F676D19032}.Debug|Any CPU.Build.0 = Debug|Any CPU
		{DC1C956B-F309-4B9C-A197-E0F676D19032}.Debug|ARM.ActiveCfg = Debug|Any CPU
		{DC1C956B-F309-4B9C-A197-E0F676D19032}.Debug|ARM.Build.0 = Debug|Any CPU
		{DC1C956B-F309-4B9C-A197-E0F676D19032}.Debug|ARM64.ActiveCfg = Debug|Any CPU
		{DC1C956B-F309-4B9C-A197-E0F676D19032}.Debug|ARM64.Build.0 = Debug|Any CPU
		{DC1C956B-F309-4B9C-A197-E0F676D19032}.Debug|x64.ActiveCfg = Debug|Any CPU
		{DC1C956B-F309-4B9C-A197-E0F676D19032}.Debug|x64.Build.0 = Debug|Any CPU
		{DC1C956B-F309-4B9C-A197-E0F676D19032}.Debug|x86.ActiveCfg = Debug|Any CPU
		{DC1C956B-F309-4B9C-A197-E0F676D19032}.Debug|x86.Build.0 = Debug|Any CPU
		{DC1C956B-F309-4B9C-A197-E0F676D19032}.Release|Any CPU.ActiveCfg = Release|Any CPU
		{DC1C956B-F309-4B9C-A197-E0F676D19032}.Release|Any CPU.Build.0 = Release|Any CPU
		{DC1C956B-F309-4B9C-A197-E0F676D19032}.Release|ARM.ActiveCfg = Release|Any CPU
		{DC1C956B-F309-4B9C-A197-E0F676D19032}.Release|ARM.Build.0 = Release|Any CPU
		{DC1C956B-F309-4B9C-A197-E0F676D19032}.Release|ARM64.ActiveCfg = Release|Any CPU
		{DC1C956B-F309-4B9C-A197-E0F676D19032}.Release|ARM64.Build.0 = Release|Any CPU
		{DC1C956B-F309-4B9C-A197-E0F676D19032}.Release|x64.ActiveCfg = Release|Any CPU
		{DC1C956B-F309-4B9C-A197-E0F676D19032}.Release|x64.Build.0 = Release|Any CPU
		{DC1C956B-F309-4B9C-A197-E0F676D19032}.Release|x86.ActiveCfg = Release|Any CPU
		{DC1C956B-F309-4B9C-A197-E0F676D19032}.Release|x86.Build.0 = Release|Any CPU
	EndGlobalSection
	GlobalSection(SolutionProperties) = preSolution
		HideSolutionNode = FALSE
	EndGlobalSection
	GlobalSection(ExtensibilityGlobals) = postSolution
		SolutionGuid = {893C6FE8-AF22-4330-AE3E-608BC0988AF0}
	EndGlobalSection
EndGlobal
